{
  "name": "prep-guide-gen-ai",
  "version": "1.0.0",
  "lockfileVersion": 3,
  "requires": true,
  "packages": {
    "": {
      "name": "prep-guide-gen-ai",
      "version": "1.0.0",
      "license": "ISC",
      "dependencies": {
        "highlight.js": "^11.12.0",
        "katex": "^0.19.0",
        "marked": "^18.0.14"
      }
    },
    "node_modules/commander": {
      "version": "15.0.0",
      "resolved": "https://registry.npmjs.org/commander/-/commander-15.0.0.tgz",
      "integrity": "sha512-z67u4ZhzCL/Tydu1lJARtEZYWbWaN7oYLHbsuzocr6y4N6WZAagG3RQ4FW61V1/0+jImpj293XfrcYnd1qxtPg==",
      "license": "MIT",
      "engines": {
        "node": ">=22.12.0"
      }
    },
    "node_modules/highlight.js": {
      "version": "11.12.0",
      "resolved": "https://registry.npmjs.org/highlight.js/-/highlight.js-11.12.0.tgz",
      "integrity": "sha512-nbfWpyRMcMrPMmDwJB+dhX/eiaPKtc2RB+0QZskqJ3WjRA/FDS0e9hZrx8EC/lbEv8gXy98FcDbNa/dspAaJMg==",
      "license": "BSD-3-Clause",
      "engines": {
        "node": ">=12.0.0"
      }
    },
    "node_modules/katex": {
      "version": "0.19.0",
      "resolved": "https://registry.npmjs.org/katex/-/katex-0.19.0.tgz",
      "integrity": "sha512-v6Tznz3zJ7u3niRCoDTsumM2+HA2XXcCu+WAacCeHD2z3p9A9Ks987o5FzfTGBN0e8A0vjEgIDvLbICrXpdw/Q==",
      "funding": [
        "https://opencollective.com/katex",
        "https://github.com/sponsors/katex"
      ],
      "license": "MIT",
      "dependencies": {
        "commander": "^15.0.0"
      },
      "bin": {
        "katex": "cli.js"
      }
    },
    "node_modules/marked": {
      "version": "18.0.14",
      "resolved": "https://registry.npmjs.org/marked/-/marked-18.0.14.tgz",
      "integrity": "sha512-mBHK6FBHuBAlhgRe88w9F0O1AbwwXJUcQibUbC/QcdTbVGAD7aWza+xt3N6oT/jCZx3/OMeS+8rnuiHZcQ9s7A==",
      "license": "MIT",
      "bin": {
        "marked": "bin/marked.js"
      },
      "engines": {
        "node": ">= 20"
      }
    }
  }
}
